
Microsoft Visual Studio Solution File, Format Version 12.00
# Visual Studio Version 16
VisualStudioVersion = 16.0.29306.81
MinimumVisualStudioVersion = 10.0.40219.1
Project("{FAE04EC0-301F-11D3-BF4B-00C04F79EFBC}") = "LM75_Desktop", "LM75_Desktop\LM75_Desktop.csproj", "{12D06B13-CD30-4185-B3E5-FD5E393423F9}"
EndProject
Global
	GlobalSection(SolutionConfigurationPlatforms) = preSolution
		Debug|Any CPU = Debug|Any CPU
		Release|Any CPU = Release|Any CPU
	EndGlobalSection
	GlobalSection(ProjectConfigurationPlatforms) = postSolution
		{12D06B13-CD30-4185-B3E5-FD5E393423F9}.Debug|Any CPU.ActiveCfg = Debug|Any CPU
		{12D06B13-CD30-4185-B3E5-FD5E393423F9}.Debug|Any CPU.Build.0 = Debug|Any CPU
		{12D06B13-CD30-4185-B3E5-FD5E393423F9}.Release|Any CPU.ActiveCfg = Release|Any CPU
		{12D06B13-CD30-4185-B3E5-FD5E393423F9}.Release|Any CPU.Build.0 = Release|Any CPU
	EndGlobalSection
	GlobalSection(SolutionProperties) = preSolution
		HideSolutionNode = FALSE
	EndGlobalSection
	GlobalSection(ExtensibilityGlobals) = postSolution
		SolutionGuid = {4B20B316-7C7A-4565-845A-1C92D31A7584}
	EndGlobalSection
EndGlobal
